Microsoft Visual Studio Solution File, Format Version 12.00
# Visual Studio Version 17
VisualStudioVersion = 17.5.2.0
MinimumVisualStudioVersion = 10.0.40219.1
Project("{FAE04EC0-301F-11D3-BF4B-00C04F79EFBC}") = "DRcSharp", "DRcSharp.csproj", "{14A52AB5-3452-A6E7-8BF2-850954665E09}"
EndProject
Global
	GlobalSection(SolutionConfigurationPlatforms) = preSolution
		Debug|Any CPU = Debug|Any CPU
		Release|Any CPU = Release|Any CPU
	EndGlobalSection
	GlobalSection(ProjectConfigurationPlatforms) = postSolution
		{14A52AB5-3452-A6E7-8BF2-850954665E09}.Debug|Any CPU.ActiveCfg = Debug|Any CPU
		{14A52AB5-3452-A6E7-8BF2-850954665E09}.Debug|Any CPU.Build.0 = Debug|Any CPU
		{14A52AB5-3452-A6E7-8BF2-850954665E09}.Release|Any CPU.ActiveCfg = Release|Any CPU
		{14A52AB5-3452-A6E7-8BF2-850954665E09}.Release|Any CPU.Build.0 = Release|Any CPU
	EndGlobalSection
	GlobalSection(SolutionProperties) = preSolution
		HideSolutionNode = FALSE
	EndGlobalSection
	GlobalSection(ExtensibilityGlobals) = postSolution
		SolutionGuid = {EA5781BE-D70F-4603-A708-4F8A4FE3C6F1}
	EndGlobalSection
EndGlobal
